%{"apex": {:hex, :apex, "1.2.0", "2da5035ef5fc59da2c24187a880b1b6d38b6b67c19b89a6265f5986ff0e85b1f", [:mix], [], "hexpm"},
  "conform": {:hex, :conform, "2.5.0", "05db3b2c72875c4edc4ee3318a37939e793696aa96b76d667bda5e128b348665", [], [{:neotoma, "~> 1.7.3", [hex: :neotoma, repo: "hexpm", optional: false]}], "hexpm"},
  "cowboy": {:hex, :cowboy, "2.4.0", "f1b72fabe9c8a5fc64ac5ac85fb65474d64733d1df52a26fad5d4ba3d9f70a9f", [:rebar3], [{:cowlib, "~> 2.3.0", [hex: :cowlib, repo: "hexpm", optional: false]}, {:ranch, "~> 1.5.0", [hex: :ranch, repo: "hexpm", optional: false]}], "hexpm"},
  "cowlib": {:hex, :cowlib, "2.3.0", "bbd58ef537904e4f7c1dd62e6aa8bc831c8183ce4efa9bd1150164fe15be4caa", [:rebar3], [], "hexpm"},
  "espec": {:hex, :espec, "1.5.1", "46c603c4adb4244b152ea53c4d5f4545ab1eb1de1556588ec908b8e4ba570188", [:mix], [{:meck, "0.8.9", [hex: :meck, repo: "hexpm", optional: false]}], "hexpm"},
  "gen_stage": {:hex, :gen_stage, "0.13.1", "edff5bca9cab22c5d03a834062515e6a1aeeb7665fb44eddae086252e39c4378", [:mix], [], "hexpm"},
  "meck": {:hex, :meck, "0.8.9", "64c5c0bd8bcca3a180b44196265c8ed7594e16bcc845d0698ec6b4e577f48188", [:rebar3], [], "hexpm"},
  "mime": {:hex, :mime, "1.2.0", "78adaa84832b3680de06f88f0997e3ead3b451a440d183d688085be2d709b534", [:mix], [], "hexpm"},
  "neotoma": {:hex, :neotoma, "1.7.3", "d8bd5404b73273989946e4f4f6d529e5c2088f5fa1ca790b4dbe81f4be408e61", [], [], "hexpm"},
  "plug": {:hex, :plug, "1.5.0", "224b25b4039bedc1eac149fb52ed456770b9678bbf0349cdd810460e1e09195b", [:mix], [{:cowboy, "~> 1.0.1 or ~> 1.1 or ~> 2.1", [hex: :cowboy, repo: "hexpm", optional: true]}, {:mime, "~> 1.0", [hex: :mime, repo: "hexpm", optional: false]}], "hexpm"},
  "poison": {:hex, :poison, "3.1.0", "d9eb636610e096f86f25d9a46f35a9facac35609a7591b3be3326e99a0484665", [:mix], [], "hexpm"},
  "ranch": {:hex, :ranch, "1.5.0", "f04166f456790fee2ac1aa05a02745cc75783c2bfb26d39faf6aefc9a3d3a58a", [:rebar3], [], "hexpm"}}
